{
    "_readme": [
        "This file locks the dependencies of your project to a known state",
        "Read more about it at https://getcomposer.org/doc/01-basic-usage.md#installing-dependencies",
        "This file is @generated automatically"
    ],
    "content-hash": "9fb2d59e785a16917710774740b33f84",
    "packages": [
        {
            "name": "mikevandiepen/response",
            "version": "1.1.0",
            "source": {
                "type": "git",
                "url": "https://bitbucket.org/mikevandiepen/response.git",
                "reference": "308e993df67b4e21b12b48c6ed2638ef684a2a37"
            },
            "dist": {
                "type": "zip",
                "url": "https://bitbucket.org/mikevandiepen/response/get/308e993df67b4e21b12b48c6ed2638ef684a2a37.zip",
                "reference": "308e993df67b4e21b12b48c6ed2638ef684a2a37",
                "shasum": ""
            },
            "require": {
                "php": "^7.0"
            },
            "type": "library",
            "autoload": {
                "psr-4": {
                    "Response\\": "/src"
                }
            },
            "notification-url": "https://packagist.org/downloads/",
            "license": [
                "MIT"
            ],
            "authors": [
                {
                    "name": "Mike van Diepen",
                    "email": "mike.vandiepen@hotmail.com",
                    "homepage": "https://mediadevs.nl/",
                    "role": "Developer"
                }
            ],
            "description": "A simple response handler for my projects, can be easily modified.",
            "homepage": "https://bitbucket.org/mikevandiepen/response",
            "time": "2019-10-14T14:26:11+00:00"
        }
    ],
    "packages-dev": [],
    "aliases": [],
    "minimum-stability": "stable",
    "stability-flags": [],
    "prefer-stable": false,
    "prefer-lowest": false,
    "platform": {
        "php": "^7.1"
    },
    "platform-dev": []
}
